
Microsoft Visual Studio Solution File, Format Version 11.00
# Visual Studio 2010
Project("{F184B08F-C81C-45F6-A57F-5ABD9991F28F}") = "NewWorldDocumentImaging", "NewWorldDocumentImaging\NewWorldDocumentImaging.vbproj", "{EFC8B2B9-21FC-4941-979C-405D85E5773B}"
EndProject
Global
	GlobalSection(TeamFoundationVersionControl) = preSolution
		SccNumberOfProjects = 2
		SccEnterpriseProvider = {4CA58AB2-18FA-4F8D-95D4-32DDF27D184C}
		SccTeamFoundationServer = http://rcappdev01:8080/tfs/infrastructure%20services
		SccLocalPath0 = .
		SccProjectUniqueName1 = NewWorldDocumentImaging\\NewWorldDocumentImaging.vbproj
		SccProjectName1 = NewWorldDocumentImaging
		SccLocalPath1 = NewWorldDocumentImaging
	EndGlobalSection
	GlobalSection(SolutionConfigurationPlatforms) = preSolution
		Debug|Any CPU = Debug|Any CPU
		Release|Any CPU = Release|Any CPU
	EndGlobalSection
	GlobalSection(ProjectConfigurationPlatforms) = postSolution
		{EFC8B2B9-21FC-4941-979C-405D85E5773B}.Debug|Any CPU.ActiveCfg = Debug|Any CPU
		{EFC8B2B9-21FC-4941-979C-405D85E5773B}.Debug|Any CPU.Build.0 = Debug|Any CPU
		{EFC8B2B9-21FC-4941-979C-405D85E5773B}.Release|Any CPU.ActiveCfg = Release|Any CPU
		{EFC8B2B9-21FC-4941-979C-405D85E5773B}.Release|Any CPU.Build.0 = Release|Any CPU
	EndGlobalSection
	GlobalSection(SolutionProperties) = preSolution
		HideSolutionNode = FALSE
	EndGlobalSection
EndGlobal
